
Microsoft Visual Studio Solution File, Format Version 12.00
# Visual Studio 15
VisualStudioVersion = 15.0.26124.0
MinimumVisualStudioVersion = 15.0.26124.0
Project("{F2A71F9B-5D33-465A-A702-920D77279786}") = "gol", "gol\gol.fsproj", "{8F6114C3-AEF5-4DB3-8AD5-83DBCE977105}"
EndProject
Project("{F2A71F9B-5D33-465A-A702-920D77279786}") = "gol.tests", "gol.tests\gol.tests.fsproj", "{596AE250-B973-457F-9538-FDD71A41A2BF}"
EndProject
Global
	GlobalSection(SolutionConfigurationPlatforms) = preSolution
		Debug|Any CPU = Debug|Any CPU
		Debug|x64 = Debug|x64
		Debug|x86 = Debug|x86
		Release|Any CPU = Release|Any CPU
		Release|x64 = Release|x64
		Release|x86 = Release|x86
	EndGlobalSection
	GlobalSection(SolutionProperties) = preSolution
		HideSolutionNode = FALSE
	EndGlobalSection
	GlobalSection(ProjectConfigurationPlatforms) = postSolution
		{8F6114C3-AEF5-4DB3-8AD5-83DBCE977105}.Debug|Any CPU.ActiveCfg = Debug|Any CPU
		{8F6114C3-AEF5-4DB3-8AD5-83DBCE977105}.Debug|Any CPU.Build.0 = Debug|Any CPU
		{8F6114C3-AEF5-4DB3-8AD5-83DBCE977105}.Debug|x64.ActiveCfg = Debug|Any CPU
		{8F6114C3-AEF5-4DB3-8AD5-83DBCE977105}.Debug|x64.Build.0 = Debug|Any CPU
		{8F6114C3-AEF5-4DB3-8AD5-83DBCE977105}.Debug|x86.ActiveCfg = Debug|Any CPU
		{8F6114C3-AEF5-4DB3-8AD5-83DBCE977105}.Debug|x86.Build.0 = Debug|Any CPU
		{8F6114C3-AEF5-4DB3-8AD5-83DBCE977105}.Release|Any CPU.ActiveCfg = Release|Any CPU
		{8F6114C3-AEF5-4DB3-8AD5-83DBCE977105}.Release|Any CPU.Build.0 = Release|Any CPU
		{8F6114C3-AEF5-4DB3-8AD5-83DBCE977105}.Release|x64.ActiveCfg = Release|Any CPU
		{8F6114C3-AEF5-4DB3-8AD5-83DBCE977105}.Release|x64.Build.0 = Release|Any CPU
		{8F6114C3-AEF5-4DB3-8AD5-83DBCE977105}.Release|x86.ActiveCfg = Release|Any CPU
		{8F6114C3-AEF5-4DB3-8AD5-83DBCE977105}.Release|x86.Build.0 = Release|Any CPU
		{596AE250-B973-457F-9538-FDD71A41A2BF}.Debug|Any CPU.ActiveCfg = Debug|Any CPU
		{596AE250-B973-457F-9538-FDD71A41A2BF}.Debug|Any CPU.Build.0 = Debug|Any CPU
		{596AE250-B973-457F-9538-FDD71A41A2BF}.Debug|x64.ActiveCfg = Debug|Any CPU
		{596AE250-B973-457F-9538-FDD71A41A2BF}.Debug|x64.Build.0 = Debug|Any CPU
		{596AE250-B973-457F-9538-FDD71A41A2BF}.Debug|x86.ActiveCfg = Debug|Any CPU
		{596AE250-B973-457F-9538-FDD71A41A2BF}.Debug|x86.Build.0 = Debug|Any CPU
		{596AE250-B973-457F-9538-FDD71A41A2BF}.Release|Any CPU.ActiveCfg = Release|Any CPU
		{596AE250-B973-457F-9538-FDD71A41A2BF}.Release|Any CPU.Build.0 = Release|Any CPU
		{596AE250-B973-457F-9538-FDD71A41A2BF}.Release|x64.ActiveCfg = Release|Any CPU
		{596AE250-B973-457F-9538-FDD71A41A2BF}.Release|x64.Build.0 = Release|Any CPU
		{596AE250-B973-457F-9538-FDD71A41A2BF}.Release|x86.ActiveCfg = Release|Any CPU
		{596AE250-B973-457F-9538-FDD71A41A2BF}.Release|x86.Build.0 = Release|Any CPU
	EndGlobalSection
EndGlobal
